
Microsoft Visual Studio Solution File, Format Version 12.00
# Visual Studio Version 16
VisualStudioVersion = 16.0.31321.278
MinimumVisualStudioVersion = 10.0.40219.1
Project("{FAE04EC0-301F-11D3-BF4B-00C04F79EFBC}") = "Examen", "Examen\Examen.csproj", "{10726001-B88F-4147-9654-BFC53A1FBE23}"
EndProject
Global
	GlobalSection(SolutionConfigurationPlatforms) = preSolution
		Debug|Any CPU = Debug|Any CPU
		Release|Any CPU = Release|Any CPU
	EndGlobalSection
	GlobalSection(ProjectConfigurationPlatforms) = postSolution
		{10726001-B88F-4147-9654-BFC53A1FBE23}.Debug|Any CPU.ActiveCfg = Debug|Any CPU
		{10726001-B88F-4147-9654-BFC53A1FBE23}.Debug|Any CPU.Build.0 = Debug|Any CPU
		{10726001-B88F-4147-9654-BFC53A1FBE23}.Release|Any CPU.ActiveCfg = Release|Any CPU
		{10726001-B88F-4147-9654-BFC53A1FBE23}.Release|Any CPU.Build.0 = Release|Any CPU
	EndGlobalSection
	GlobalSection(SolutionProperties) = preSolution
		HideSolutionNode = FALSE
	EndGlobalSection
	GlobalSection(ExtensibilityGlobals) = postSolution
		SolutionGuid = {8AAED362-D8F8-4A80-B0F7-738F178C2F3A}
	EndGlobalSection
EndGlobal
